
Microsoft Visual Studio Solution File, Format Version 12.00
# Visual Studio Version 16
VisualStudioVersion = 16.0.31605.320
MinimumVisualStudioVersion = 10.0.40219.1
Project("{FAE04EC0-301F-11D3-BF4B-00C04F79EFBC}") = "Exercicio 5", "Exercicio 5.csproj", "{C8B3259B-E5B8-4861-9DA9-15EF03F14552}"
EndProject
Global
	GlobalSection(SolutionConfigurationPlatforms) = preSolution
		Debug|Any CPU = Debug|Any CPU
		Release|Any CPU = Release|Any CPU
	EndGlobalSection
	GlobalSection(ProjectConfigurationPlatforms) = postSolution
		{C8B3259B-E5B8-4861-9DA9-15EF03F14552}.Debug|Any CPU.ActiveCfg = Debug|Any CPU
		{C8B3259B-E5B8-4861-9DA9-15EF03F14552}.Debug|Any CPU.Build.0 = Debug|Any CPU
		{C8B3259B-E5B8-4861-9DA9-15EF03F14552}.Release|Any CPU.ActiveCfg = Release|Any CPU
		{C8B3259B-E5B8-4861-9DA9-15EF03F14552}.Release|Any CPU.Build.0 = Release|Any CPU
	EndGlobalSection
	GlobalSection(SolutionProperties) = preSolution
		HideSolutionNode = FALSE
	EndGlobalSection
	GlobalSection(ExtensibilityGlobals) = postSolution
		SolutionGuid = {A05911A5-6252-48B9-BB5A-4934AE2629CE}
	EndGlobalSection
EndGlobal
